github.com/lib/pq v1.10.4 h1:SO9z7FRPzA03QhHKJrH5BXA6HU1rS4V2nIVrrNC1iYk=
github.com/lib/pq v1.10.4/go.mod h1:AlVN5x4E4T544tWzH6hKfbfQvm3HdbOxrmggDNAPY9o=
gopkg.in/go-ini/ini.v1 v1.66.2 h1:eN0O/0wTF+QUb6i7I1sMQZSVi2GRCfDmBSIioXgl2vQ=
gopkg.in/go-ini/ini.v1 v1.66.2/go.mod h1:M74/hG4RTwbkZyTEZ9iQwM4v6dFD4u6QBjoqT/pM8Kg=
